
Microsoft Visual Studio Solution File, Format Version 12.00
# Visual Studio Version 16
VisualStudioVersion = 16.0.28729.10
MinimumVisualStudioVersion = 10.0.40219.1
Project("{54435603-DBB4-11D2-8724-00A0C9A8B90C}") = "Installer", "Installer\Installer.vdproj", "{81B5593B-3547-4AE7-9734-7A094CF0F502}"
EndProject
Project("{FAE04EC0-301F-11D3-BF4B-00C04F79EFBC}") = "FortniteReplayWatcher.Services", "FortniteReplayWatcher.Services\FortniteReplayWatcher.Services.csproj", "{EF591373-C077-4F1E-BA65-7467667D76BA}"
EndProject
Project("{FAE04EC0-301F-11D3-BF4B-00C04F79EFBC}") = "FortniteReplayWatcher.Services.Test", "FortniteReplayWatcher.Services.Test\FortniteReplayWatcher.Services.Test.csproj", "{586CAEF2-F096-47AD-9603-D1036E8F5EEC}"
EndProject
Project("{FAE04EC0-301F-11D3-BF4B-00C04F79EFBC}") = "FortniteReplayWatcher.Worker", "FortniteReplayWatcher.Worker\FortniteReplayWatcher.Worker.csproj", "{4C3D07B5-05B1-4894-BF6B-D9C6D04C789D}"
EndProject
Global
	GlobalSection(SolutionConfigurationPlatforms) = preSolution
		Debug|Any CPU = Debug|Any CPU
		Release|Any CPU = Release|Any CPU
	EndGlobalSection
	GlobalSection(ProjectConfigurationPlatforms) = postSolution
		{DDE74C10-CDD9-441D-83A0-E8D0FBFBA822}.Debug|Any CPU.ActiveCfg = Debug|Any CPU
		{DDE74C10-CDD9-441D-83A0-E8D0FBFBA822}.Debug|Any CPU.Build.0 = Debug|Any CPU
		{DDE74C10-CDD9-441D-83A0-E8D0FBFBA822}.Release|Any CPU.ActiveCfg = Release|Any CPU
		{DDE74C10-CDD9-441D-83A0-E8D0FBFBA822}.Release|Any CPU.Build.0 = Release|Any CPU
		{81B5593B-3547-4AE7-9734-7A094CF0F502}.Debug|Any CPU.ActiveCfg = Debug
		{81B5593B-3547-4AE7-9734-7A094CF0F502}.Release|Any CPU.ActiveCfg = Release
		{A3015C50-290C-4F52-86E3-294184933AE0}.Debug|Any CPU.ActiveCfg = Debug|Any CPU
		{A3015C50-290C-4F52-86E3-294184933AE0}.Debug|Any CPU.Build.0 = Debug|Any CPU
		{A3015C50-290C-4F52-86E3-294184933AE0}.Release|Any CPU.ActiveCfg = Release|Any CPU
		{A3015C50-290C-4F52-86E3-294184933AE0}.Release|Any CPU.Build.0 = Release|Any CPU
		{3A91FBE7-84CA-4BD2-A37B-396E40C6B494}.Debug|Any CPU.ActiveCfg = Debug|Any CPU
		{3A91FBE7-84CA-4BD2-A37B-396E40C6B494}.Debug|Any CPU.Build.0 = Debug|Any CPU
		{3A91FBE7-84CA-4BD2-A37B-396E40C6B494}.Release|Any CPU.ActiveCfg = Release|Any CPU
		{3A91FBE7-84CA-4BD2-A37B-396E40C6B494}.Release|Any CPU.Build.0 = Release|Any CPU
		{EF591373-C077-4F1E-BA65-7467667D76BA}.Debug|Any CPU.ActiveCfg = Debug|Any CPU
		{EF591373-C077-4F1E-BA65-7467667D76BA}.Debug|Any CPU.Build.0 = Debug|Any CPU
		{EF591373-C077-4F1E-BA65-7467667D76BA}.Release|Any CPU.ActiveCfg = Release|Any CPU
		{EF591373-C077-4F1E-BA65-7467667D76BA}.Release|Any CPU.Build.0 = Release|Any CPU
		{586CAEF2-F096-47AD-9603-D1036E8F5EEC}.Debug|Any CPU.ActiveCfg = Debug|Any CPU
		{586CAEF2-F096-47AD-9603-D1036E8F5EEC}.Debug|Any CPU.Build.0 = Debug|Any CPU
		{586CAEF2-F096-47AD-9603-D1036E8F5EEC}.Release|Any CPU.ActiveCfg = Release|Any CPU
		{586CAEF2-F096-47AD-9603-D1036E8F5EEC}.Release|Any CPU.Build.0 = Release|Any CPU
		{4C3D07B5-05B1-4894-BF6B-D9C6D04C789D}.Debug|Any CPU.ActiveCfg = Debug|Any CPU
		{4C3D07B5-05B1-4894-BF6B-D9C6D04C789D}.Debug|Any CPU.Build.0 = Debug|Any CPU
		{4C3D07B5-05B1-4894-BF6B-D9C6D04C789D}.Release|Any CPU.ActiveCfg = Release|Any CPU
		{4C3D07B5-05B1-4894-BF6B-D9C6D04C789D}.Release|Any CPU.Build.0 = Release|Any CPU
	EndGlobalSection
	GlobalSection(SolutionProperties) = preSolution
		HideSolutionNode = FALSE
	EndGlobalSection
	GlobalSection(ExtensibilityGlobals) = postSolution
		SolutionGuid = {CBD8FD6C-18EA-4633-923B-A9FFE9759928}
	EndGlobalSection
EndGlobal
